<?xml version="1.0"?>
<CONFIG>
  <ProjectOptions>
    <PathDelim Value="\"/>
    <Version Value="6"/>
    <General>
      <MainUnit Value="0"/>
      <IconPath Value="./"/>
      <TargetFileExt Value=".exe"/>
      <ActiveEditorIndexAtStart Value="2"/>
    </General>
    <VersionInfo>
      <ProjectVersion Value=""/>
      <Language Value=""/>
      <CharSet Value=""/>
    </VersionInfo>
    <PublishOptions>
      <Version Value="2"/>
      <IgnoreBinaries Value="False"/>
      <IncludeFileFilter Value="*.(pas|pp|inc|lfm|lpr|lrs|lpi|lpk|sh|xml)"/>
      <ExcludeFileFilter Value="*.(bak|ppu|ppw|o|so);*~;backup"/>
    </PublishOptions>
    <RunParams>
      <local>
        <FormatVersion Value="1"/>
        <CommandLineParams Value="-debug -file C:\lazarus_project\SimpleWebScript-0.1.1\essai.sws"/>
        <LaunchingApplication PathPlusParams="/usr/X11R6/bin/xterm -T 'Lazarus Run Output' -e $(LazarusDir)/tools/runwait.sh $(TargetCmdLine)"/>
      </local>
    </RunParams>
    <Units Count="27">
      <Unit0>
        <Filename Value="simplewebscript.dpr"/>
        <IsPartOfProject Value="True"/>
        <CursorPos X="10" Y="362"/>
        <TopLine Value="332"/>
        <EditorIndex Value="7"/>
        <UsageCount Value="134"/>
        <Loaded Value="True"/>
      </Unit0>
      <Unit1>
        <Filename Value="functions.pas"/>
        <UnitName Value="Functions"/>
        <CursorPos X="19" Y="2740"/>
        <TopLine Value="2720"/>
        <EditorIndex Value="2"/>
        <UsageCount Value="61"/>
        <Loaded Value="True"/>
      </Unit1>
      <Unit2>
        <Filename Value="unitmath.pas"/>
        <UnitName Value="UnitMath"/>
        <CursorPos X="1" Y="649"/>
        <TopLine Value="649"/>
        <UsageCount Value="13"/>
      </Unit2>
      <Unit3>
        <Filename Value="md5api.pas"/>
        <UnitName Value="MD5Api"/>
        <CursorPos X="3" Y="57"/>
        <TopLine Value="41"/>
        <UsageCount Value="11"/>
      </Unit3>
      <Unit4>
        <Filename Value="config.inc"/>
        <CursorPos X="1" Y="4"/>
        <TopLine Value="1"/>
        <EditorIndex Value="9"/>
        <UsageCount Value="48"/>
        <Loaded Value="True"/>
      </Unit4>
      <Unit5>
        <Filename Value="path_ini.inc"/>
        <CursorPos X="9" Y="4"/>
        <TopLine Value="1"/>
        <EditorIndex Value="8"/>
        <UsageCount Value="40"/>
        <Loaded Value="True"/>
      </Unit5>
      <Unit6>
        <Filename Value="unitmessages.pas"/>
        <UnitName Value="UnitMessages"/>
        <CursorPos X="19" Y="131"/>
        <TopLine Value="104"/>
        <EditorIndex Value="1"/>
        <UsageCount Value="38"/>
        <Loaded Value="True"/>
      </Unit6>
      <Unit7>
        <Filename Value="internalfunction.pas"/>
        <UnitName Value="InternalFunction"/>
        <CursorPos X="17" Y="51"/>
        <TopLine Value="33"/>
        <UsageCount Value="9"/>
      </Unit7>
      <Unit8>
        <Filename Value="listpointeroftvariables.pas"/>
        <UnitName Value="ListPointerOfTVariables"/>
        <CursorPos X="1" Y="53"/>
        <TopLine Value="33"/>
        <UsageCount Value="10"/>
      </Unit8>
      <Unit9>
        <Filename Value="userfunction.pas"/>
        <UnitName Value="UserFunction"/>
        <CursorPos X="7" Y="57"/>
        <TopLine Value="46"/>
        <UsageCount Value="13"/>
      </Unit9>
      <Unit10>
        <Filename Value="userlabel.pas"/>
        <UnitName Value="UserLabel"/>
        <CursorPos X="7" Y="53"/>
        <TopLine Value="26"/>
        <UsageCount Value="9"/>
      </Unit10>
      <Unit11>
        <Filename Value="getpostcookiefiledata.pas"/>
        <UnitName Value="GetPostCookieFileData"/>
        <CursorPos X="19" Y="630"/>
        <TopLine Value="613"/>
        <EditorIndex Value="4"/>
        <UsageCount Value="36"/>
        <Loaded Value="True"/>
      </Unit11>
      <Unit12>
        <Filename Value="corefunctions.pas"/>
        <UnitName Value="CoreFunctions"/>
        <CursorPos X="1" Y="2404"/>
        <TopLine Value="2384"/>
        <UsageCount Value="13"/>
      </Unit12>
      <Unit13>
        <Filename Value="unitstr.pas"/>
        <UnitName Value="UnitStr"/>
        <CursorPos X="43" Y="2399"/>
        <TopLine Value="2368"/>
        <EditorIndex Value="0"/>
        <UsageCount Value="41"/>
        <Loaded Value="True"/>
      </Unit13>
      <Unit14>
        <Filename Value="code.pas"/>
        <UnitName Value="Code"/>
        <CursorPos X="1" Y="437"/>
        <TopLine Value="433"/>
        <EditorIndex Value="10"/>
        <UsageCount Value="49"/>
        <Loaded Value="True"/>
      </Unit14>
      <Unit15>
        <Filename Value="unitwindows.pas"/>
        <UnitName Value="UnitWindows"/>
        <CursorPos X="51" Y="453"/>
        <TopLine Value="425"/>
        <UsageCount Value="12"/>
      </Unit15>
      <Unit16>
        <Filename Value="unithtml.pas"/>
        <UnitName Value="UnitHtml"/>
        <CursorPos X="24" Y="1320"/>
        <TopLine Value="1303"/>
        <UsageCount Value="18"/>
      </Unit16>
      <Unit17>
        <Filename Value="unitmiscellaneous.pas"/>
        <UnitName Value="UnitMiscellaneous"/>
        <CursorPos X="6" Y="40"/>
        <TopLine Value="33"/>
        <UsageCount Value="47"/>
      </Unit17>
      <Unit18>
        <Filename Value="uniturl.pas"/>
        <UnitName Value="UnitUrl"/>
        <CursorPos X="16" Y="70"/>
        <TopLine Value="42"/>
        <UsageCount Value="10"/>
      </Unit18>
      <Unit19>
        <Filename Value="unitcore.pas"/>
        <UnitName Value="UnitCore"/>
        <CursorPos X="1" Y="2029"/>
        <TopLine Value="2013"/>
        <EditorIndex Value="3"/>
        <UsageCount Value="27"/>
        <Loaded Value="True"/>
      </Unit19>
      <Unit20>
        <Filename Value="doublestrings.pas"/>
        <UnitName Value="DoubleStrings"/>
        <CursorPos X="32" Y="66"/>
        <TopLine Value="217"/>
        <EditorIndex Value="5"/>
        <UsageCount Value="25"/>
        <Loaded Value="True"/>
      </Unit20>
      <Unit21>
        <Filename Value="extension.pas"/>
        <UnitName Value="Extension"/>
        <CursorPos X="19" Y="332"/>
        <TopLine Value="298"/>
        <UsageCount Value="9"/>
      </Unit21>
      <Unit22>
        <Filename Value="variable.pas"/>
        <UnitName Value="Variable"/>
        <CursorPos X="7" Y="80"/>
        <TopLine Value="65"/>
        <UsageCount Value="16"/>
      </Unit22>
      <Unit23>
        <Filename Value="unitdirectory.pas"/>
        <UnitName Value="UnitDirectory"/>
        <CursorPos X="1" Y="1"/>
        <TopLine Value="9"/>
        <UsageCount Value="8"/>
      </Unit23>
      <Unit24>
        <Filename Value="unitos.pas"/>
        <UnitName Value="UnitOS"/>
        <CursorPos X="1" Y="1"/>
        <TopLine Value="92"/>
        <UsageCount Value="8"/>
      </Unit24>
      <Unit25>
        <Filename Value="md5core.pas"/>
        <UnitName Value="MD5Core"/>
        <CursorPos X="6" Y="16"/>
        <TopLine Value="1"/>
        <UsageCount Value="11"/>
      </Unit25>
      <Unit26>
        <Filename Value="constantes.pas"/>
        <IsPartOfProject Value="True"/>
        <UnitName Value="Constantes"/>
        <CursorPos X="39" Y="15"/>
        <TopLine Value="8"/>
        <EditorIndex Value="6"/>
        <UsageCount Value="45"/>
        <Loaded Value="True"/>
      </Unit26>
    </Units>
    <JumpHistory Count="30" HistoryIndex="29">
      <Position1>
        <Filename Value="functions.pas"/>
        <Caret Line="1466" Column="1" TopLine="1450"/>
      </Position1>
      <Position2>
        <Filename Value="functions.pas"/>
        <Caret Line="1468" Column="1" TopLine="1452"/>
      </Position2>
      <Position3>
        <Filename Value="functions.pas"/>
        <Caret Line="1470" Column="1" TopLine="1454"/>
      </Position3>
      <Position4>
        <Filename Value="functions.pas"/>
        <Caret Line="1496" Column="1" TopLine="1480"/>
      </Position4>
      <Position5>
        <Filename Value="functions.pas"/>
        <Caret Line="1504" Column="1" TopLine="1488"/>
      </Position5>
      <Position6>
        <Filename Value="functions.pas"/>
        <Caret Line="1506" Column="1" TopLine="1490"/>
      </Position6>
      <Position7>
        <Filename Value="functions.pas"/>
        <Caret Line="1511" Column="1" TopLine="1495"/>
      </Position7>
      <Position8>
        <Filename Value="functions.pas"/>
        <Caret Line="1522" Column="1" TopLine="1506"/>
      </Position8>
      <Position9>
        <Filename Value="functions.pas"/>
        <Caret Line="1451" Column="1" TopLine="1435"/>
      </Position9>
      <Position10>
        <Filename Value="functions.pas"/>
        <Caret Line="1453" Column="1" TopLine="1437"/>
      </Position10>
      <Position11>
        <Filename Value="functions.pas"/>
        <Caret Line="1522" Column="1" TopLine="1506"/>
      </Position11>
      <Position12>
        <Filename Value="functions.pas"/>
        <Caret Line="1456" Column="1" TopLine="1514"/>
      </Position12>
      <Position13>
        <Filename Value="functions.pas"/>
        <Caret Line="1529" Column="1" TopLine="1513"/>
      </Position13>
      <Position14>
        <Filename Value="functions.pas"/>
        <Caret Line="1531" Column="1" TopLine="1515"/>
      </Position14>
      <Position15>
        <Filename Value="functions.pas"/>
        <Caret Line="1567" Column="1" TopLine="1551"/>
      </Position15>
      <Position16>
        <Filename Value="functions.pas"/>
        <Caret Line="1571" Column="1" TopLine="1555"/>
      </Position16>
      <Position17>
        <Filename Value="functions.pas"/>
        <Caret Line="1574" Column="1" TopLine="1558"/>
      </Position17>
      <Position18>
        <Filename Value="functions.pas"/>
        <Caret Line="1576" Column="1" TopLine="1560"/>
      </Position18>
      <Position19>
        <Filename Value="functions.pas"/>
        <Caret Line="1638" Column="1" TopLine="1622"/>
      </Position19>
      <Position20>
        <Filename Value="functions.pas"/>
        <Caret Line="1642" Column="1" TopLine="1626"/>
      </Position20>
      <Position21>
        <Filename Value="functions.pas"/>
        <Caret Line="1645" Column="1" TopLine="1629"/>
      </Position21>
      <Position22>
        <Filename Value="functions.pas"/>
        <Caret Line="1647" Column="1" TopLine="1631"/>
      </Position22>
      <Position23>
        <Filename Value="functions.pas"/>
        <Caret Line="1695" Column="1" TopLine="1679"/>
      </Position23>
      <Position24>
        <Filename Value="functions.pas"/>
        <Caret Line="1699" Column="1" TopLine="1683"/>
      </Position24>
      <Position25>
        <Filename Value="functions.pas"/>
        <Caret Line="1702" Column="1" TopLine="1686"/>
      </Position25>
      <Position26>
        <Filename Value="functions.pas"/>
        <Caret Line="1704" Column="1" TopLine="1688"/>
      </Position26>
      <Position27>
        <Filename Value="functions.pas"/>
        <Caret Line="1770" Column="1" TopLine="1754"/>
      </Position27>
      <Position28>
        <Filename Value="functions.pas"/>
        <Caret Line="1774" Column="1" TopLine="1758"/>
      </Position28>
      <Position29>
        <Filename Value="functions.pas"/>
        <Caret Line="1777" Column="1" TopLine="1761"/>
      </Position29>
      <Position30>
        <Filename Value="functions.pas"/>
        <Caret Line="1461" Column="20" TopLine="1436"/>
      </Position30>
    </JumpHistory>
  </ProjectOptions>
  <CompilerOptions>
    <Version Value="5"/>
    <PathDelim Value="\"/>
    <CodeGeneration>
      <Generate Value="Faster"/>
    </CodeGeneration>
    <Other>
      <CompilerPath Value="$(CompPath)"/>
    </Other>
  </CompilerOptions>
  <Debugging>
    <Exceptions Count="2">
      <Item1>
        <Name Value="ECodetoolError"/>
      </Item1>
      <Item2>
        <Name Value="EFOpenError"/>
      </Item2>
    </Exceptions>
  </Debugging>
</CONFIG>
