<?xml version="1.0"?>
<CONFIG>
  <ProjectOptions>
    <PathDelim Value="\"/>
    <Version Value="6"/>
    <General>
      <MainUnit Value="0"/>
      <IconPath Value="./"/>
      <TargetFileExt Value=".exe"/>
      <ActiveEditorIndexAtStart Value="0"/>
    </General>
    <VersionInfo>
      <ProjectVersion Value=""/>
      <Language Value=""/>
      <CharSet Value=""/>
    </VersionInfo>
    <PublishOptions>
      <Version Value="2"/>
      <IgnoreBinaries Value="False"/>
      <IncludeFileFilter Value="*.(pas|pp|inc|lfm|lpr|lrs|lpi|lpk|sh|xml)"/>
      <ExcludeFileFilter Value="*.(bak|ppu|ppw|o|so);*~;backup"/>
    </PublishOptions>
    <RunParams>
      <local>
        <FormatVersion Value="1"/>
        <CommandLineParams Value="-d -file essai.sws"/>
        <LaunchingApplication PathPlusParams="/usr/X11R6/bin/xterm -T 'Lazarus Run Output' -e $(LazarusDir)/tools/runwait.sh $(TargetCmdLine)"/>
      </local>
    </RunParams>
    <Units Count="27">
      <Unit0>
        <Filename Value="simplewebscript.dpr"/>
        <IsPartOfProject Value="True"/>
        <CursorPos X="10" Y="351"/>
        <TopLine Value="113"/>
        <UsageCount Value="109"/>
      </Unit0>
      <Unit1>
        <Filename Value="functions.pas"/>
        <UnitName Value="Functions"/>
        <CursorPos X="27" Y="33"/>
        <TopLine Value="21"/>
        <EditorIndex Value="2"/>
        <UsageCount Value="48"/>
        <Loaded Value="True"/>
      </Unit1>
      <Unit2>
        <Filename Value="unitmath.pas"/>
        <UnitName Value="UnitMath"/>
        <CursorPos X="79" Y="861"/>
        <TopLine Value="835"/>
        <UsageCount Value="14"/>
      </Unit2>
      <Unit3>
        <Filename Value="md5api.pas"/>
        <UnitName Value="MD5Api"/>
        <CursorPos X="13" Y="39"/>
        <TopLine Value="23"/>
        <UsageCount Value="10"/>
      </Unit3>
      <Unit4>
        <Filename Value="config.inc"/>
        <CursorPos X="3" Y="4"/>
        <TopLine Value="1"/>
        <UsageCount Value="46"/>
      </Unit4>
      <Unit5>
        <Filename Value="path_ini.inc"/>
        <CursorPos X="22" Y="2"/>
        <TopLine Value="1"/>
        <UsageCount Value="38"/>
      </Unit5>
      <Unit6>
        <Filename Value="unitmessages.pas"/>
        <UnitName Value="UnitMessages"/>
        <CursorPos X="3" Y="65"/>
        <TopLine Value="99"/>
        <EditorIndex Value="1"/>
        <UsageCount Value="25"/>
        <Loaded Value="True"/>
      </Unit6>
      <Unit7>
        <Filename Value="internalfunction.pas"/>
        <UnitName Value="InternalFunction"/>
        <CursorPos X="17" Y="51"/>
        <TopLine Value="33"/>
        <UsageCount Value="10"/>
      </Unit7>
      <Unit8>
        <Filename Value="listpointeroftvariables.pas"/>
        <UnitName Value="ListPointerOfTVariables"/>
        <CursorPos X="1" Y="53"/>
        <TopLine Value="33"/>
        <UsageCount Value="11"/>
      </Unit8>
      <Unit9>
        <Filename Value="userfunction.pas"/>
        <UnitName Value="UserFunction"/>
        <CursorPos X="7" Y="57"/>
        <TopLine Value="46"/>
        <UsageCount Value="14"/>
      </Unit9>
      <Unit10>
        <Filename Value="userlabel.pas"/>
        <UnitName Value="UserLabel"/>
        <CursorPos X="7" Y="53"/>
        <TopLine Value="26"/>
        <UsageCount Value="10"/>
      </Unit10>
      <Unit11>
        <Filename Value="getpostcookiefiledata.pas"/>
        <UnitName Value="GetPostCookieFileData"/>
        <CursorPos X="6" Y="1"/>
        <TopLine Value="1"/>
        <EditorIndex Value="4"/>
        <UsageCount Value="23"/>
        <Loaded Value="True"/>
      </Unit11>
      <Unit12>
        <Filename Value="corefunctions.pas"/>
        <UnitName Value="CoreFunctions"/>
        <CursorPos X="1" Y="2404"/>
        <TopLine Value="2384"/>
        <UsageCount Value="14"/>
      </Unit12>
      <Unit13>
        <Filename Value="unitstr.pas"/>
        <UnitName Value="UnitStr"/>
        <CursorPos X="43" Y="2399"/>
        <TopLine Value="2368"/>
        <EditorIndex Value="0"/>
        <UsageCount Value="28"/>
        <Loaded Value="True"/>
      </Unit13>
      <Unit14>
        <Filename Value="code.pas"/>
        <UnitName Value="Code"/>
        <CursorPos X="1" Y="102"/>
        <TopLine Value="93"/>
        <EditorIndex Value="7"/>
        <UsageCount Value="36"/>
        <Loaded Value="True"/>
      </Unit14>
      <Unit15>
        <Filename Value="unitwindows.pas"/>
        <UnitName Value="UnitWindows"/>
        <CursorPos X="9" Y="453"/>
        <TopLine Value="437"/>
        <UsageCount Value="13"/>
      </Unit15>
      <Unit16>
        <Filename Value="unithtml.pas"/>
        <UnitName Value="UnitHtml"/>
        <CursorPos X="24" Y="1320"/>
        <TopLine Value="1303"/>
        <UsageCount Value="19"/>
      </Unit16>
      <Unit17>
        <Filename Value="unitmiscellaneous.pas"/>
        <UnitName Value="UnitMiscellaneous"/>
        <CursorPos X="6" Y="40"/>
        <TopLine Value="33"/>
        <EditorIndex Value="8"/>
        <UsageCount Value="36"/>
        <Loaded Value="True"/>
      </Unit17>
      <Unit18>
        <Filename Value="uniturl.pas"/>
        <UnitName Value="UnitUrl"/>
        <CursorPos X="16" Y="70"/>
        <TopLine Value="42"/>
        <UsageCount Value="11"/>
      </Unit18>
      <Unit19>
        <Filename Value="unitcore.pas"/>
        <UnitName Value="UnitCore"/>
        <CursorPos X="6" Y="68"/>
        <TopLine Value="49"/>
        <EditorIndex Value="3"/>
        <UsageCount Value="14"/>
        <Loaded Value="True"/>
      </Unit19>
      <Unit20>
        <Filename Value="doublestrings.pas"/>
        <UnitName Value="DoubleStrings"/>
        <CursorPos X="6" Y="1"/>
        <TopLine Value="33"/>
        <EditorIndex Value="5"/>
        <UsageCount Value="12"/>
        <Loaded Value="True"/>
      </Unit20>
      <Unit21>
        <Filename Value="extension.pas"/>
        <UnitName Value="Extension"/>
        <CursorPos X="19" Y="332"/>
        <TopLine Value="298"/>
        <UsageCount Value="10"/>
      </Unit21>
      <Unit22>
        <Filename Value="variable.pas"/>
        <UnitName Value="Variable"/>
        <CursorPos X="7" Y="80"/>
        <TopLine Value="65"/>
        <UsageCount Value="17"/>
      </Unit22>
      <Unit23>
        <Filename Value="unitdirectory.pas"/>
        <UnitName Value="UnitDirectory"/>
        <CursorPos X="1" Y="1"/>
        <TopLine Value="9"/>
        <UsageCount Value="9"/>
      </Unit23>
      <Unit24>
        <Filename Value="unitos.pas"/>
        <UnitName Value="UnitOS"/>
        <CursorPos X="1" Y="1"/>
        <TopLine Value="92"/>
        <UsageCount Value="9"/>
      </Unit24>
      <Unit25>
        <Filename Value="md5core.pas"/>
        <UnitName Value="MD5Core"/>
        <CursorPos X="6" Y="16"/>
        <TopLine Value="1"/>
        <UsageCount Value="11"/>
      </Unit25>
      <Unit26>
        <Filename Value="constantes.pas"/>
        <IsPartOfProject Value="True"/>
        <UnitName Value="Constantes"/>
        <CursorPos X="1" Y="1"/>
        <TopLine Value="1"/>
        <EditorIndex Value="6"/>
        <UsageCount Value="20"/>
        <Loaded Value="True"/>
      </Unit26>
    </Units>
    <JumpHistory Count="0" HistoryIndex="-1"/>
  </ProjectOptions>
  <CompilerOptions>
    <Version Value="5"/>
    <PathDelim Value="\"/>
    <CodeGeneration>
      <SmartLinkUnit Value="True"/>
      <Generate Value="Smaller"/>
    </CodeGeneration>
    <Linking>
      <Debugging>
        <UseLineInfoUnit Value="False"/>
        <StripSymbols Value="True"/>
      </Debugging>
      <LinkSmart Value="True"/>
    </Linking>
    <Other>
      <WriteFPCLogo Value="False"/>
      <CompilerPath Value="$(CompPath)"/>
    </Other>
  </CompilerOptions>
  <Debugging>
    <BreakPoints Count="1">
      <Item1>
        <Source Value="SimpleWebScript.dpr"/>
        <Line Value="72"/>
      </Item1>
    </BreakPoints>
    <Exceptions Count="2">
      <Item1>
        <Name Value="ECodetoolError"/>
      </Item1>
      <Item2>
        <Name Value="EFOpenError"/>
      </Item2>
    </Exceptions>
  </Debugging>
</CONFIG>
